
Microsoft Visual Studio Solution File, Format Version 12.00
# Visual Studio Version 16
VisualStudioVersion = 16.0.29411.108
MinimumVisualStudioVersion = 10.0.40219.1
Project("{9A19103F-16F7-4668-BE54-9A1E7A4F7556}") = "CoreAPI", "CoreAPI\CoreAPI.csproj", "{7A4C43A5-FFDB-40D8-B86F-D0AC139A9D22}"
EndProject
Project("{9A19103F-16F7-4668-BE54-9A1E7A4F7556}") = "Model", "Model\Model.csproj", "{B84A9D35-B1FB-4A62-BA26-76196422AF80}"
EndProject
Global
	GlobalSection(SolutionConfigurationPlatforms) = preSolution
		Debug|Any CPU = Debug|Any CPU
		Release|Any CPU = Release|Any CPU
	EndGlobalSection
	GlobalSection(ProjectConfigurationPlatforms) = postSolution
		{7A4C43A5-FFDB-40D8-B86F-D0AC139A9D22}.Debug|Any CPU.ActiveCfg = Debug|Any CPU
		{7A4C43A5-FFDB-40D8-B86F-D0AC139A9D22}.Debug|Any CPU.Build.0 = Debug|Any CPU
		{7A4C43A5-FFDB-40D8-B86F-D0AC139A9D22}.Release|Any CPU.ActiveCfg = Release|Any CPU
		{7A4C43A5-FFDB-40D8-B86F-D0AC139A9D22}.Release|Any CPU.Build.0 = Release|Any CPU
		{B84A9D35-B1FB-4A62-BA26-76196422AF80}.Debug|Any CPU.ActiveCfg = Debug|Any CPU
		{B84A9D35-B1FB-4A62-BA26-76196422AF80}.Debug|Any CPU.Build.0 = Debug|Any CPU
		{B84A9D35-B1FB-4A62-BA26-76196422AF80}.Release|Any CPU.ActiveCfg = Release|Any CPU
		{B84A9D35-B1FB-4A62-BA26-76196422AF80}.Release|Any CPU.Build.0 = Release|Any CPU
	EndGlobalSection
	GlobalSection(SolutionProperties) = preSolution
		HideSolutionNode = FALSE
	EndGlobalSection
	GlobalSection(ExtensibilityGlobals) = postSolution
		SolutionGuid = {8C4D8830-6C67-4DB6-98C0-4F7C009E9235}
	EndGlobalSection
EndGlobal
